{
  "nodes": {
    "nixpkgs": {
      "locked": {
        "lastModified": 1627814220,
        "narHash": "sha256-P+MDgdZw2CBk9X1ZZaUgHgN+32pTfLFf3XVIBOXirI4=",
        "owner": "nixos",
        "repo": "nixpkgs",
        "rev": "ab5b6828af26215bf2646c31961da5d3749591ef",
        "type": "github"
      },
      "original": {
        "owner": "nixos",
        "ref": "nixpkgs-unstable",
        "repo": "nixpkgs",
        "type": "github"
      }
    },
    "root": {
      "inputs": {
        "nixpkgs": "nixpkgs",
        "searx-src": "searx-src"
      }
    },
    "searx-src": {
      "flake": false,
      "locked": {
        "lastModified": 1626430135,
        "narHash": "sha256-rNFBZZqIbJiZZAB/4VUnASCC5yIpfTJ1SmWb9F+Dp+Q=",
        "owner": "searx",
        "repo": "searx",
        "rev": "3b192e638702d9b3319cded770cd88d3e5cb0d93",
        "type": "github"
      },
      "original": {
        "owner": "searx",
        "repo": "searx",
        "type": "github"
      }
    }
  },
  "root": "root",
  "version": 7
}
